<?xml version="1.0" encoding="utf-8"?>
<Project ToolsVersion="4.0" xmlns="http://schemas.microsoft.com/developer/msbuild/2003">
  <ItemGroup>
    <Filter Include="detection">
      <UniqueIdentifier>{8342d6c2-4117-4129-904d-ee40693a8681}</UniqueIdentifier>
    </Filter>
    <Filter Include="gui">
      <UniqueIdentifier>{069145e1-a969-4361-9265-1d7e29460d9d}</UniqueIdentifier>
    </Filter>
  </ItemGroup>
  <ItemGroup>
    <ClCompile Include="Position.cpp">
      <Filter>detection</Filter>
    </ClCompile>
    <ClCompile Include="Person.cpp">
      <Filter>detection</Filter>
    </ClCompile>
    <ClCompile Include="MovementTracker.cpp">
      <Filter>detection</Filter>
    </ClCompile>
    <ClCompile Include="KalmanFilter.cpp">
      <Filter>detection</Filter>
    </ClCompile>
    <ClCompile Include="ImageProcessor.cpp">
      <Filter>detection</Filter>
    </ClCompile>
    <ClCompile Include="move_detection.cpp" />
    <ClCompile Include="CoordsConverter.cpp" />
  </ItemGroup>
  <ItemGroup>
    <ClInclude Include="Position.h">
      <Filter>detection</Filter>
    </ClInclude>
    <ClInclude Include="Person.h">
      <Filter>detection</Filter>
    </ClInclude>
    <ClInclude Include="MovementTracker.h">
      <Filter>detection</Filter>
    </ClInclude>
    <ClInclude Include="KalmanFilter.h">
      <Filter>detection</Filter>
    </ClInclude>
    <ClInclude Include="ImageProcessor.h">
      <Filter>detection</Filter>
    </ClInclude>
    <ClInclude Include="CoordsConverter.h" />
  </ItemGroup>
</Project>